
Microsoft Visual Studio Solution File, Format Version 12.00
# Visual Studio 15
VisualStudioVersion = 15.0.27004.2008
MinimumVisualStudioVersion = 10.0.40219.1
Project("{FAE04EC0-301F-11D3-BF4B-00C04F79EFBC}") = "CA2_Work", "CA2_Work\CA2_Work.csproj", "{BED64600-E9F1-4737-AE95-0ED688A7C7D3}"
EndProject
Project("{FAE04EC0-301F-11D3-BF4B-00C04F79EFBC}") = "UnitTestCA", "UnitTestCA\UnitTestCA.csproj", "{D89A179E-77FB-4D5B-A861-DFAB92C7593E}"
EndProject
Global
	GlobalSection(SolutionConfigurationPlatforms) = preSolution
		Debug|Any CPU = Debug|Any CPU
		Release|Any CPU = Release|Any CPU
	EndGlobalSection
	GlobalSection(ProjectConfigurationPlatforms) = postSolution
		{BED64600-E9F1-4737-AE95-0ED688A7C7D3}.Debug|Any CPU.ActiveCfg = Debug|Any CPU
		{BED64600-E9F1-4737-AE95-0ED688A7C7D3}.Debug|Any CPU.Build.0 = Debug|Any CPU
		{BED64600-E9F1-4737-AE95-0ED688A7C7D3}.Release|Any CPU.ActiveCfg = Release|Any CPU
		{BED64600-E9F1-4737-AE95-0ED688A7C7D3}.Release|Any CPU.Build.0 = Release|Any CPU
		{D89A179E-77FB-4D5B-A861-DFAB92C7593E}.Debug|Any CPU.ActiveCfg = Debug|Any CPU
		{D89A179E-77FB-4D5B-A861-DFAB92C7593E}.Debug|Any CPU.Build.0 = Debug|Any CPU
		{D89A179E-77FB-4D5B-A861-DFAB92C7593E}.Release|Any CPU.ActiveCfg = Release|Any CPU
		{D89A179E-77FB-4D5B-A861-DFAB92C7593E}.Release|Any CPU.Build.0 = Release|Any CPU
	EndGlobalSection
	GlobalSection(SolutionProperties) = preSolution
		HideSolutionNode = FALSE
	EndGlobalSection
	GlobalSection(ExtensibilityGlobals) = postSolution
		SolutionGuid = {CB30275E-0481-4A35-880B-63EA050BC8E0}
	EndGlobalSection
EndGlobal
