
Microsoft Visual Studio Solution File, Format Version 12.00
# Visual Studio 15
VisualStudioVersion = 15.0.26730.15
MinimumVisualStudioVersion = 10.0.40219.1
Project("{FAE04EC0-301F-11D3-BF4B-00C04F79EFBC}") = "lab1_ClassesAndProperties", "lab1_ClassesAndProperties\lab1_ClassesAndProperties.csproj", "{CA857778-773E-43BB-BB7E-B3DEC7D4B96F}"
EndProject
Global
	GlobalSection(SolutionConfigurationPlatforms) = preSolution
		Debug|Any CPU = Debug|Any CPU
		Release|Any CPU = Release|Any CPU
	EndGlobalSection
	GlobalSection(ProjectConfigurationPlatforms) = postSolution
		{CA857778-773E-43BB-BB7E-B3DEC7D4B96F}.Debug|Any CPU.ActiveCfg = Debug|Any CPU
		{CA857778-773E-43BB-BB7E-B3DEC7D4B96F}.Debug|Any CPU.Build.0 = Debug|Any CPU
		{CA857778-773E-43BB-BB7E-B3DEC7D4B96F}.Release|Any CPU.ActiveCfg = Release|Any CPU
		{CA857778-773E-43BB-BB7E-B3DEC7D4B96F}.Release|Any CPU.Build.0 = Release|Any CPU
	EndGlobalSection
	GlobalSection(SolutionProperties) = preSolution
		HideSolutionNode = FALSE
	EndGlobalSection
	GlobalSection(ExtensibilityGlobals) = postSolution
		SolutionGuid = {284EC555-7FED-4266-B3C5-6C3B6D5BF2C7}
	EndGlobalSection
EndGlobal
