
Microsoft Visual Studio Solution File, Format Version 12.00
# Visual Studio 15
VisualStudioVersion = 15.0.26730.16
MinimumVisualStudioVersion = 10.0.40219.1
Project("{FAE04EC0-301F-11D3-BF4B-00C04F79EFBC}") = "Lab3_Interfaces", "Lab3_Interfaces\Lab3_Interfaces.csproj", "{8AB065C7-D404-41CA-A707-2728CD6ED722}"
EndProject
Global
	GlobalSection(SolutionConfigurationPlatforms) = preSolution
		Debug|Any CPU = Debug|Any CPU
		Release|Any CPU = Release|Any CPU
	EndGlobalSection
	GlobalSection(ProjectConfigurationPlatforms) = postSolution
		{8AB065C7-D404-41CA-A707-2728CD6ED722}.Debug|Any CPU.ActiveCfg = Debug|Any CPU
		{8AB065C7-D404-41CA-A707-2728CD6ED722}.Debug|Any CPU.Build.0 = Debug|Any CPU
		{8AB065C7-D404-41CA-A707-2728CD6ED722}.Release|Any CPU.ActiveCfg = Release|Any CPU
		{8AB065C7-D404-41CA-A707-2728CD6ED722}.Release|Any CPU.Build.0 = Release|Any CPU
	EndGlobalSection
	GlobalSection(SolutionProperties) = preSolution
		HideSolutionNode = FALSE
	EndGlobalSection
	GlobalSection(ExtensibilityGlobals) = postSolution
		SolutionGuid = {2D5C7CB0-41B4-4E22-B968-726816C1D1B4}
	EndGlobalSection
EndGlobal
